
Microsoft Visual Studio Solution File, Format Version 12.00
# Visual Studio Version 17
VisualStudioVersion = 17.0.31903.59
MinimumVisualStudioVersion = 10.0.40219.1
Project("{2150E333-8FDC-42A3-9474-1A3956D46DE8}") = "Marketplace.Domain", "Marketplace.Domain", "{7E44B842-A433-4270-B973-4ACB40CD12D1}"
EndProject
Project("{FAE04EC0-301F-11D3-BF4B-00C04F79EFBC}") = "Marketplace.Domain", "Marketplace.Domain\Marketplace.Domain\Marketplace.Domain.csproj", "{CBF29EBF-A7BE-4C4F-90A9-4DB93958EF0E}"
EndProject
Global
	GlobalSection(SolutionConfigurationPlatforms) = preSolution
		Debug|Any CPU = Debug|Any CPU
		Release|Any CPU = Release|Any CPU
	EndGlobalSection
	GlobalSection(SolutionProperties) = preSolution
		HideSolutionNode = FALSE
	EndGlobalSection
	GlobalSection(NestedProjects) = preSolution
		{CBF29EBF-A7BE-4C4F-90A9-4DB93958EF0E} = {7E44B842-A433-4270-B973-4ACB40CD12D1}
	EndGlobalSection
	GlobalSection(ProjectConfigurationPlatforms) = postSolution
		{CBF29EBF-A7BE-4C4F-90A9-4DB93958EF0E}.Debug|Any CPU.ActiveCfg = Debug|Any CPU
		{CBF29EBF-A7BE-4C4F-90A9-4DB93958EF0E}.Debug|Any CPU.Build.0 = Debug|Any CPU
		{CBF29EBF-A7BE-4C4F-90A9-4DB93958EF0E}.Release|Any CPU.ActiveCfg = Release|Any CPU
		{CBF29EBF-A7BE-4C4F-90A9-4DB93958EF0E}.Release|Any CPU.Build.0 = Release|Any CPU
	EndGlobalSection
EndGlobal
