
Microsoft Visual Studio Solution File, Format Version 12.00
# Visual Studio Version 17
VisualStudioVersion = 17.0.31903.59
MinimumVisualStudioVersion = 10.0.40219.1
Project("{FAE04EC0-301F-11D3-BF4B-00C04F79EFBC}") = "Inventory.Domain", "Inventory.Domain\Inventory.Domain.csproj", "{CBF29EBF-A7BE-4C4F-90A9-4DB93958EF0E}"
EndProject
Project("{FAE04EC0-301F-11D3-BF4B-00C04F79EFBC}") = "Inventory.Application", "Inventory.Application\Inventory.Application.csproj", "{856441BC-5E2C-4045-B429-8606D8980275}"
EndProject

Project("{FAE04EC0-301F-11D3-BF4B-00C04F79EFBC}") = "Inventory.Infrastructure", "Inventory.Infrastructure\Inventory.Infrastructure.csproj", "{D3827FA0-2EEE-4BF3-B7B8-FC9853F0C272}"
EndProject

Project("{FAE04EC0-301F-11D3-BF4B-00C04F79EFBC}") = "Inventory.Api", "Inventory.Api\Inventory.Api.csproj", "{66851837-50F1-4921-A479-567513E479C2}"
EndProject
Project("{FAE04EC0-301F-11D3-BF4B-00C04F79EFBC}") = "Marketplace.Test", "Marketplace.Test\Marketplace.Test.csproj", "{868EDA92-7440-46E9-B0CD-7092858BA4C0}"
EndProject
Project("{FAE04EC0-301F-11D3-BF4B-00C04F79EFBC}") = "Marketplace.Common", "Marketplace.Common\Marketplace.Common.csproj", "{A2E950A0-BF11-4066-858C-0A7111B88BA7}"
EndProject
Project("{2150E333-8FDC-42A3-9474-1A3956D46DE8}") = "Services", "Services", "{07DE8FCC-4D11-45CB-B596-6C0ACF79EE6F}"
EndProject
Project("{FAE04EC0-301F-11D3-BF4B-00C04F79EFBC}") = "NotificationService", "NotificationService\NotificationService.csproj", "{C9D5EE7E-120E-42B9-9ED2-694039326916}"
EndProject
Project("{2150E333-8FDC-42A3-9474-1A3956D46DE8}") = "Inventory", "Inventory", "{DAEA15D5-6AC3-49F9-B416-B72E309A5916}"
EndProject
Project("{FAE04EC0-301F-11D3-BF4B-00C04F79EFBC}") = "Basket", "Basket\Basket.csproj", "{577B09F2-F40F-4950-896C-E0DCE2632608}"
EndProject
Project("{2150E333-8FDC-42A3-9474-1A3956D46DE8}") = "Deploy", "Deploy", "{A26FBAD9-5148-477F-9B65-378E150B4F94}"
EndProject
Project("{FAE04EC0-301F-11D3-BF4B-00C04F79EFBC}") = "Deploy", "Deploy\Deploy.csproj", "{F55DED79-1687-415F-B595-9FFBAD9C69B8}"
EndProject
Project("{FAE04EC0-301F-11D3-BF4B-00C04F79EFBC}") = "Discount", "Discount\Discount.csproj", "{E7918F4D-B6D5-4A7C-8023-4F9FF5152C1E}"
EndProject
Project("{2150E333-8FDC-42A3-9474-1A3956D46DE8}") = "Checkout", "Checkout", "{BF571DEC-C0FE-495D-976C-27F126E0AC01}"
EndProject
Project("{2150E333-8FDC-42A3-9474-1A3956D46DE8}") = "Notification", "Notification", "{4A20DFB4-F73E-4CF5-8BB7-CC706C84EF2D}"
EndProject
Project("{2150E333-8FDC-42A3-9474-1A3956D46DE8}") = "Ordering", "Ordering", "{0F65B574-71CF-4FE7-9F3A-D626CA3FEB78}"
EndProject
Project("{FAE04EC0-301F-11D3-BF4B-00C04F79EFBC}") = "Ordering.Domain", "Ordering\Ordering.Domain\Ordering.Domain.csproj", "{59746140-1490-4D02-A1CE-8953E413C0EE}"
EndProject
Project("{FAE04EC0-301F-11D3-BF4B-00C04F79EFBC}") = "Ordering.Infrastructure", "Ordering\Ordering.Infrastructure\Ordering.Infrastructure.csproj", "{BCBE7060-4C24-4570-9FF1-37067C5F7E2B}"
EndProject
Project("{FAE04EC0-301F-11D3-BF4B-00C04F79EFBC}") = "Ordering.API", "Ordering\Ordering.API\Ordering.API.csproj", "{830E6857-6B75-494F-84C9-92DA6DEE919C}"
EndProject
Project("{FAE04EC0-301F-11D3-BF4B-00C04F79EFBC}") = "Ordering.Application", "Ordering\Ordering.Application\Ordering.Application.csproj", "{8A193A4D-F340-4504-8A74-F319B1756F0F}"
EndProject
Project("{2150E333-8FDC-42A3-9474-1A3956D46DE8}") = "BuildingBlocks", "BuildingBlocks", "{E5CCD21A-41C7-4E2E-B89D-7CAB4018DC92}"
EndProject
Project("{2150E333-8FDC-42A3-9474-1A3956D46DE8}") = "EventBus", "EventBus", "{0F419343-191F-4109-A84E-50F4B825AD35}"
EndProject
Project("{FAE04EC0-301F-11D3-BF4B-00C04F79EFBC}") = "EventBus", "EventBus\EventBus.csproj", "{C6D0F508-D021-407F-A782-E98B3DBBB621}"
EndProject
Project("{FAE04EC0-301F-11D3-BF4B-00C04F79EFBC}") = "WebHost", "WebHost\WebHost.csproj", "{85D2E159-486B-4E3C-B3A8-8B62F10C9C26}"
EndProject
Project("{FAE04EC0-301F-11D3-BF4B-00C04F79EFBC}") = "IntegrationEventLogEF", "IntegrationEventLogEF\IntegrationEventLogEF.csproj", "{DD27BB0C-6089-447C-A0D1-2A63420440D3}"
EndProject
Project("{FAE04EC0-301F-11D3-BF4B-00C04F79EFBC}") = "EventBusRabbitMq", "EventBusRabbitMq\EventBusRabbitMq.csproj", "{87ABD3C1-C73A-47AA-AC22-5B0A9B073CF9}"
EndProject
Global
	GlobalSection(SolutionConfigurationPlatforms) = preSolution
		Debug|Any CPU = Debug|Any CPU
		Release|Any CPU = Release|Any CPU
	EndGlobalSection
	GlobalSection(SolutionProperties) = preSolution
		HideSolutionNode = FALSE
	EndGlobalSection
	GlobalSection(NestedProjects) = preSolution
		{66851837-50F1-4921-A479-567513E479C2} = {DAEA15D5-6AC3-49F9-B416-B72E309A5916}
		{856441BC-5E2C-4045-B429-8606D8980275} = {DAEA15D5-6AC3-49F9-B416-B72E309A5916}
		{CBF29EBF-A7BE-4C4F-90A9-4DB93958EF0E} = {DAEA15D5-6AC3-49F9-B416-B72E309A5916}
		{D3827FA0-2EEE-4BF3-B7B8-FC9853F0C272} = {DAEA15D5-6AC3-49F9-B416-B72E309A5916}
		{F55DED79-1687-415F-B595-9FFBAD9C69B8} = {A26FBAD9-5148-477F-9B65-378E150B4F94}
		{E7918F4D-B6D5-4A7C-8023-4F9FF5152C1E} = {07DE8FCC-4D11-45CB-B596-6C0ACF79EE6F}
		{C9D5EE7E-120E-42B9-9ED2-694039326916} = {4A20DFB4-F73E-4CF5-8BB7-CC706C84EF2D}
		{577B09F2-F40F-4950-896C-E0DCE2632608} = {BF571DEC-C0FE-495D-976C-27F126E0AC01}
		{59746140-1490-4D02-A1CE-8953E413C0EE} = {0F65B574-71CF-4FE7-9F3A-D626CA3FEB78}
		{BCBE7060-4C24-4570-9FF1-37067C5F7E2B} = {0F65B574-71CF-4FE7-9F3A-D626CA3FEB78}
		{830E6857-6B75-494F-84C9-92DA6DEE919C} = {0F65B574-71CF-4FE7-9F3A-D626CA3FEB78}
		{8A193A4D-F340-4504-8A74-F319B1756F0F} = {0F65B574-71CF-4FE7-9F3A-D626CA3FEB78}
		{0F419343-191F-4109-A84E-50F4B825AD35} = {E5CCD21A-41C7-4E2E-B89D-7CAB4018DC92}
		{C6D0F508-D021-407F-A782-E98B3DBBB621} = {0F419343-191F-4109-A84E-50F4B825AD35}
		{85D2E159-486B-4E3C-B3A8-8B62F10C9C26} = {E5CCD21A-41C7-4E2E-B89D-7CAB4018DC92}
		{DD27BB0C-6089-447C-A0D1-2A63420440D3} = {0F419343-191F-4109-A84E-50F4B825AD35}
		{87ABD3C1-C73A-47AA-AC22-5B0A9B073CF9} = {0F419343-191F-4109-A84E-50F4B825AD35}
	EndGlobalSection
	GlobalSection(ProjectConfigurationPlatforms) = postSolution
		{CBF29EBF-A7BE-4C4F-90A9-4DB93958EF0E}.Debug|Any CPU.ActiveCfg = Debug|Any CPU
		{CBF29EBF-A7BE-4C4F-90A9-4DB93958EF0E}.Debug|Any CPU.Build.0 = Debug|Any CPU
		{CBF29EBF-A7BE-4C4F-90A9-4DB93958EF0E}.Release|Any CPU.ActiveCfg = Release|Any CPU
		{CBF29EBF-A7BE-4C4F-90A9-4DB93958EF0E}.Release|Any CPU.Build.0 = Release|Any CPU
		{856441BC-5E2C-4045-B429-8606D8980275}.Debug|Any CPU.ActiveCfg = Debug|Any CPU
		{856441BC-5E2C-4045-B429-8606D8980275}.Debug|Any CPU.Build.0 = Debug|Any CPU
		{856441BC-5E2C-4045-B429-8606D8980275}.Release|Any CPU.ActiveCfg = Release|Any CPU
		{856441BC-5E2C-4045-B429-8606D8980275}.Release|Any CPU.Build.0 = Release|Any CPU
		{D3827FA0-2EEE-4BF3-B7B8-FC9853F0C272}.Debug|Any CPU.ActiveCfg = Debug|Any CPU
		{D3827FA0-2EEE-4BF3-B7B8-FC9853F0C272}.Debug|Any CPU.Build.0 = Debug|Any CPU
		{D3827FA0-2EEE-4BF3-B7B8-FC9853F0C272}.Release|Any CPU.ActiveCfg = Release|Any CPU
		{D3827FA0-2EEE-4BF3-B7B8-FC9853F0C272}.Release|Any CPU.Build.0 = Release|Any CPU
		{66851837-50F1-4921-A479-567513E479C2}.Debug|Any CPU.ActiveCfg = Debug|Any CPU
		{66851837-50F1-4921-A479-567513E479C2}.Debug|Any CPU.Build.0 = Debug|Any CPU
		{66851837-50F1-4921-A479-567513E479C2}.Release|Any CPU.ActiveCfg = Release|Any CPU
		{66851837-50F1-4921-A479-567513E479C2}.Release|Any CPU.Build.0 = Release|Any CPU
		{868EDA92-7440-46E9-B0CD-7092858BA4C0}.Debug|Any CPU.ActiveCfg = Debug|Any CPU
		{868EDA92-7440-46E9-B0CD-7092858BA4C0}.Debug|Any CPU.Build.0 = Debug|Any CPU
		{868EDA92-7440-46E9-B0CD-7092858BA4C0}.Release|Any CPU.ActiveCfg = Release|Any CPU
		{868EDA92-7440-46E9-B0CD-7092858BA4C0}.Release|Any CPU.Build.0 = Release|Any CPU
		{A2E950A0-BF11-4066-858C-0A7111B88BA7}.Debug|Any CPU.ActiveCfg = Debug|Any CPU
		{A2E950A0-BF11-4066-858C-0A7111B88BA7}.Debug|Any CPU.Build.0 = Debug|Any CPU
		{A2E950A0-BF11-4066-858C-0A7111B88BA7}.Release|Any CPU.ActiveCfg = Release|Any CPU
		{A2E950A0-BF11-4066-858C-0A7111B88BA7}.Release|Any CPU.Build.0 = Release|Any CPU
		{C9D5EE7E-120E-42B9-9ED2-694039326916}.Debug|Any CPU.ActiveCfg = Debug|Any CPU
		{C9D5EE7E-120E-42B9-9ED2-694039326916}.Debug|Any CPU.Build.0 = Debug|Any CPU
		{C9D5EE7E-120E-42B9-9ED2-694039326916}.Release|Any CPU.ActiveCfg = Release|Any CPU
		{C9D5EE7E-120E-42B9-9ED2-694039326916}.Release|Any CPU.Build.0 = Release|Any CPU
		{577B09F2-F40F-4950-896C-E0DCE2632608}.Debug|Any CPU.ActiveCfg = Debug|Any CPU
		{577B09F2-F40F-4950-896C-E0DCE2632608}.Debug|Any CPU.Build.0 = Debug|Any CPU
		{577B09F2-F40F-4950-896C-E0DCE2632608}.Release|Any CPU.ActiveCfg = Release|Any CPU
		{577B09F2-F40F-4950-896C-E0DCE2632608}.Release|Any CPU.Build.0 = Release|Any CPU
		{F55DED79-1687-415F-B595-9FFBAD9C69B8}.Debug|Any CPU.ActiveCfg = Debug|Any CPU
		{F55DED79-1687-415F-B595-9FFBAD9C69B8}.Debug|Any CPU.Build.0 = Debug|Any CPU
		{F55DED79-1687-415F-B595-9FFBAD9C69B8}.Release|Any CPU.ActiveCfg = Release|Any CPU
		{F55DED79-1687-415F-B595-9FFBAD9C69B8}.Release|Any CPU.Build.0 = Release|Any CPU
		{E7918F4D-B6D5-4A7C-8023-4F9FF5152C1E}.Debug|Any CPU.ActiveCfg = Debug|Any CPU
		{E7918F4D-B6D5-4A7C-8023-4F9FF5152C1E}.Debug|Any CPU.Build.0 = Debug|Any CPU
		{E7918F4D-B6D5-4A7C-8023-4F9FF5152C1E}.Release|Any CPU.ActiveCfg = Release|Any CPU
		{E7918F4D-B6D5-4A7C-8023-4F9FF5152C1E}.Release|Any CPU.Build.0 = Release|Any CPU
		{59746140-1490-4D02-A1CE-8953E413C0EE}.Debug|Any CPU.ActiveCfg = Debug|Any CPU
		{59746140-1490-4D02-A1CE-8953E413C0EE}.Debug|Any CPU.Build.0 = Debug|Any CPU
		{59746140-1490-4D02-A1CE-8953E413C0EE}.Release|Any CPU.ActiveCfg = Release|Any CPU
		{59746140-1490-4D02-A1CE-8953E413C0EE}.Release|Any CPU.Build.0 = Release|Any CPU
		{BCBE7060-4C24-4570-9FF1-37067C5F7E2B}.Debug|Any CPU.ActiveCfg = Debug|Any CPU
		{BCBE7060-4C24-4570-9FF1-37067C5F7E2B}.Debug|Any CPU.Build.0 = Debug|Any CPU
		{BCBE7060-4C24-4570-9FF1-37067C5F7E2B}.Release|Any CPU.ActiveCfg = Release|Any CPU
		{BCBE7060-4C24-4570-9FF1-37067C5F7E2B}.Release|Any CPU.Build.0 = Release|Any CPU
		{830E6857-6B75-494F-84C9-92DA6DEE919C}.Debug|Any CPU.ActiveCfg = Debug|Any CPU
		{830E6857-6B75-494F-84C9-92DA6DEE919C}.Debug|Any CPU.Build.0 = Debug|Any CPU
		{830E6857-6B75-494F-84C9-92DA6DEE919C}.Release|Any CPU.ActiveCfg = Release|Any CPU
		{830E6857-6B75-494F-84C9-92DA6DEE919C}.Release|Any CPU.Build.0 = Release|Any CPU
		{8A193A4D-F340-4504-8A74-F319B1756F0F}.Debug|Any CPU.ActiveCfg = Debug|Any CPU
		{8A193A4D-F340-4504-8A74-F319B1756F0F}.Debug|Any CPU.Build.0 = Debug|Any CPU
		{8A193A4D-F340-4504-8A74-F319B1756F0F}.Release|Any CPU.ActiveCfg = Release|Any CPU
		{8A193A4D-F340-4504-8A74-F319B1756F0F}.Release|Any CPU.Build.0 = Release|Any CPU
		{C6D0F508-D021-407F-A782-E98B3DBBB621}.Debug|Any CPU.ActiveCfg = Debug|Any CPU
		{C6D0F508-D021-407F-A782-E98B3DBBB621}.Debug|Any CPU.Build.0 = Debug|Any CPU
		{C6D0F508-D021-407F-A782-E98B3DBBB621}.Release|Any CPU.ActiveCfg = Release|Any CPU
		{C6D0F508-D021-407F-A782-E98B3DBBB621}.Release|Any CPU.Build.0 = Release|Any CPU
		{85D2E159-486B-4E3C-B3A8-8B62F10C9C26}.Debug|Any CPU.ActiveCfg = Debug|Any CPU
		{85D2E159-486B-4E3C-B3A8-8B62F10C9C26}.Debug|Any CPU.Build.0 = Debug|Any CPU
		{85D2E159-486B-4E3C-B3A8-8B62F10C9C26}.Release|Any CPU.ActiveCfg = Release|Any CPU
		{85D2E159-486B-4E3C-B3A8-8B62F10C9C26}.Release|Any CPU.Build.0 = Release|Any CPU
		{DD27BB0C-6089-447C-A0D1-2A63420440D3}.Debug|Any CPU.ActiveCfg = Debug|Any CPU
		{DD27BB0C-6089-447C-A0D1-2A63420440D3}.Debug|Any CPU.Build.0 = Debug|Any CPU
		{DD27BB0C-6089-447C-A0D1-2A63420440D3}.Release|Any CPU.ActiveCfg = Release|Any CPU
		{DD27BB0C-6089-447C-A0D1-2A63420440D3}.Release|Any CPU.Build.0 = Release|Any CPU
		{87ABD3C1-C73A-47AA-AC22-5B0A9B073CF9}.Debug|Any CPU.ActiveCfg = Debug|Any CPU
		{87ABD3C1-C73A-47AA-AC22-5B0A9B073CF9}.Debug|Any CPU.Build.0 = Debug|Any CPU
		{87ABD3C1-C73A-47AA-AC22-5B0A9B073CF9}.Release|Any CPU.ActiveCfg = Release|Any CPU
		{87ABD3C1-C73A-47AA-AC22-5B0A9B073CF9}.Release|Any CPU.Build.0 = Release|Any CPU
	EndGlobalSection
EndGlobal
